// !$*UTF8*$!
{
	archiveVersion = 1;
	classes = {
	};
	objectVersion = 46;
	objects = {

/* Begin PBXBuildFile section */
		0053CD38188E0D0E00C92F32 /* Foundation.framework in Frameworks */ = {isa = PBXBuildFile; fileRef = 0053CD37188E0D0E00C92F32 /* Foundation.framework */; };
		0053CD3A188E0D0E00C92F32 /* CoreGraphics.framework in Frameworks */ = {isa = PBXBuildFile; fileRef = 0053CD39188E0D0E00C92F32 /* CoreGraphics.framework */; };
		0053CD3C188E0D0E00C92F32 /* UIKit.framework in Frameworks */ = {isa = PBXBuildFile; fileRef = 0053CD3B188E0D0E00C92F32 /* UIKit.framework */; };
		0053CD42188E0D0F00C92F32 /* InfoPlist.strings in Resources */ = {isa = PBXBuildFile; fileRef = 0053CD40188E0D0F00C92F32 /* InfoPlist.strings */; };
		0053CD44188E0D0F00C92F32 /* main.m in Sources */ = {isa = PBXBuildFile; fileRef = 0053CD43188E0D0F00C92F32 /* main.m */; };
		0053CD48188E0D0F00C92F32 /* AppDelegate.m in Sources */ = {isa = PBXBuildFile; fileRef = 0053CD47188E0D0F00C92F32 /* AppDelegate.m */; };
		0053CD4B188E0D0F00C92F32 /* Main.storyboard in Resources */ = {isa = PBXBuildFile; fileRef = 0053CD49188E0D0F00C92F32 /* Main.storyboard */; };
		0053CD4E188E0D0F00C92F32 /* ViewController.m in Sources */ = {isa = PBXBuildFile; fileRef = 0053CD4D188E0D0F00C92F32 /* ViewController.m */; };
		0053CD50188E0D0F00C92F32 /* Images.xcassets in Resources */ = {isa = PBXBuildFile; fileRef = 0053CD4F188E0D0F00C92F32 /* Images.xcassets */; };
		0053CD57188E0D0F00C92F32 /* XCTest.framework in Frameworks */ = {isa = PBXBuildFile; fileRef = 0053CD56188E0D0F00C92F32 /* XCTest.framework */; };
		0053CD58188E0D0F00C92F32 /* Foundation.framework in Frameworks */ = {isa = PBXBuildFile; fileRef = 0053CD37188E0D0E00C92F32 /* Foundation.framework */; };
		0053CD59188E0D0F00C92F32 /* UIKit.framework in Frameworks */ = {isa = PBXBuildFile; fileRef = 0053CD3B188E0D0E00C92F32 /* UIKit.framework */; };
		0053CD61188E0D0F00C92F32 /* InfoPlist.strings in Resources */ = {isa = PBXBuildFile; fileRef = 0053CD5F188E0D0F00C92F32 /* InfoPlist.strings */; };
		0053CD63188E0D0F00C92F32 /* SocialTestTests.m in Sources */ = {isa = PBXBuildFile; fileRef = 0053CD62188E0D0F00C92F32 /* SocialTestTests.m */; };
		0053CD6D188E0E0300C92F32 /* image.jpg in Resources */ = {isa = PBXBuildFile; fileRef = 0053CD6C188E0E0300C92F32 /* image.jpg */; };
/* End PBXBuildFile section */

/* Begin PBXContainerItemProxy section */
		0053CD5A188E0D0F00C92F32 /* PBXContainerItemProxy */ = {
			isa = PBXContainerItemProxy;
			containerPortal = 0053CD2C188E0D0E00C92F32 /* Project object */;
			proxyType = 1;
			remoteGlobalIDString = 0053CD33188E0D0E00C92F32;
			remoteInfo = SocialTest;
		};
/* End PBXContainerItemProxy section */

/* Begin PBXFileReference section */
		0053CD34188E0D0E00C92F32 /* SocialTest.app */ = {isa = PBXFileReference; explicitFileType = wrapper.application; includeInIndex = 0; path = SocialTest.app; sourceTree = BUILT_PRODUCTS_DIR; };
		0053CD37188E0D0E00C92F32 /* Foundation.framework */ = {isa = PBXFileReference; lastKnownFileType = wrapper.framework; name = Foundation.framework; path = System/Library/Frameworks/Foundation.framework; sourceTree = SDKROOT; };
		0053CD39188E0D0E00C92F32 /* CoreGraphics.framework */ = {isa = PBXFileReference; lastKnownFileType = wrapper.framework; name = CoreGraphics.framework; path = System/Library/Frameworks/CoreGraphics.framework; sourceTree = SDKROOT; };
		0053CD3B188E0D0E00C92F32 /* UIKit.framework */ = {isa = PBXFileReference; lastKnownFileType = wrapper.framework; name = UIKit.framework; path = System/Library/Frameworks/UIKit.framework; sourceTree = SDKROOT; };
		0053CD3F188E0D0E00C92F32 /* SocialTest-Info.plist */ = {isa = PBXFileReference; lastKnownFileType = text.plist.xml; path = "SocialTest-Info.plist"; sourceTree = "<group>"; };
		0053CD41188E0D0F00C92F32 /* en */ = {isa = PBXFileReference; lastKnownFileType = text.plist.strings; name = en; path = en.lproj/InfoPlist.strings; sourceTree = "<group>"; };
		0053CD43188E0D0F00C92F32 /* main.m */ = {isa = PBXFileReference; lastKnownFileType = sourcecode.c.objc; path = main.m; sourceTree = "<group>"; };
		0053CD45188E0D0F00C92F32 /* SocialTest-Prefix.pch */ = {isa = PBXFileReference; lastKnownFileType = sourcecode.c.h; path = "SocialTest-Prefix.pch"; sourceTree = "<group>"; };
		0053CD46188E0D0F00C92F32 /* AppDelegate.h */ = {isa = PBXFileReference; lastKnownFileType = sourcecode.c.h; path = AppDelegate.h; sourceTree = "<group>"; };
		0053CD47188E0D0F00C92F32 /* AppDelegate.m */ = {isa = PBXFileReference; lastKnownFileType = sourcecode.c.objc; path = AppDelegate.m; sourceTree = "<group>"; };
		0053CD4A188E0D0F00C92F32 /* Base */ = {isa = PBXFileReference; lastKnownFileType = file.storyboard; name = Base; path = Base.lproj/Main.storyboard; sourceTree = "<group>"; };
		0053CD4C188E0D0F00C92F32 /* ViewController.h */ = {isa = PBXFileReference; lastKnownFileType = sourcecode.c.h; path = ViewController.h; sourceTree = "<group>"; };
		0053CD4D188E0D0F00C92F32 /* ViewController.m */ = {isa = PBXFileReference; lastKnownFileType = sourcecode.c.objc; path = ViewController.m; sourceTree = "<group>"; };
		0053CD4F188E0D0F00C92F32 /* Images.xcassets */ = {isa = PBXFileReference; lastKnownFileType = folder.assetcatalog; path = Images.xcassets; sourceTree = "<group>"; };
		0053CD55188E0D0F00C92F32 /* SocialTestTests.xctest */ = {isa = PBXFileReference; explicitFileType = wrapper.cfbundle; includeInIndex = 0; path = SocialTestTests.xctest; sourceTree = BUILT_PRODUCTS_DIR; };
		0053CD56188E0D0F00C92F32 /* XCTest.framework */ = {isa = PBXFileReference; lastKnownFileType = wrapper.framework; name = XCTest.framework; path = Library/Frameworks/XCTest.framework; sourceTree = DEVELOPER_DIR; };
		0053CD5E188E0D0F00C92F32 /* SocialTestTests-Info.plist */ = {isa = PBXFileReference; lastKnownFileType = text.plist.xml; path = "SocialTestTests-Info.plist"; sourceTree = "<group>"; };
		0053CD60188E0D0F00C92F32 /* en */ = {isa = PBXFileReference; lastKnownFileType = text.plist.strings; name = en; path = en.lproj/InfoPlist.strings; sourceTree = "<group>"; };
		0053CD62188E0D0F00C92F32 /* SocialTestTests.m */ = {isa = PBXFileReference; lastKnownFileType = sourcecode.c.objc; path = SocialTestTests.m; sourceTree = "<group>"; };
		0053CD6C188E0E0300C92F32 /* image.jpg */ = {isa = PBXFileReference; lastKnownFileType = image.jpeg; path = image.jpg; sourceTree = "<group>"; };
/* End PBXFileReference section */

/* Begin PBXFrameworksBuildPhase section */
		0053CD31188E0D0E00C92F32 /* Frameworks */ = {
			isa = PBXFrameworksBuildPhase;
			buildActionMask = 2147483647;
			files = (
				0053CD3A188E0D0E00C92F32 /* CoreGraphics.framework in Frameworks */,
				0053CD3C188E0D0E00C92F32 /* UIKit.framework in Frameworks */,
				0053CD38188E0D0E00C92F32 /* Foundation.framework in Frameworks */,
			);
			runOnlyForDeploymentPostprocessing = 0;
		};
		0053CD52188E0D0F00C92F32 /* Frameworks */ = {
			isa = PBXFrameworksBuildPhase;
			buildActionMask = 2147483647;
			files = (
				0053CD57188E0D0F00C92F32 /* XCTest.framework in Frameworks */,
				0053CD59188E0D0F00C92F32 /* UIKit.framework in Frameworks */,
				0053CD58188E0D0F00C92F32 /* Foundation.framework in Frameworks */,
			);
			runOnlyForDeploymentPostprocessing = 0;
		};
/* End PBXFrameworksBuildPhase section */

/* Begin PBXGroup section */
		0053CD2B188E0D0E00C92F32 = {
			isa = PBXGroup;
			children = (
				0053CD6C188E0E0300C92F32 /* image.jpg */,
				0053CD3D188E0D0E00C92F32 /* SocialTest */,
				0053CD5C188E0D0F00C92F32 /* SocialTestTests */,
				0053CD36188E0D0E00C92F32 /* Frameworks */,
				0053CD35188E0D0E00C92F32 /* Products */,
			);
			sourceTree = "<group>";
		};
		0053CD35188E0D0E00C92F32 /* Products */ = {
			isa = PBXGroup;
			children = (
				0053CD34188E0D0E00C92F32 /* SocialTest.app */,
				0053CD55188E0D0F00C92F32 /* SocialTestTests.xctest */,
			);
			name = Products;
			sourceTree = "<group>";
		};
		0053CD36188E0D0E00C92F32 /* Frameworks */ = {
			isa = PBXGroup;
			children = (
				0053CD37188E0D0E00C92F32 /* Foundation.framework */,
				0053CD39188E0D0E00C92F32 /* CoreGraphics.framework */,
				0053CD3B188E0D0E00C92F32 /* UIKit.framework */,
				0053CD56188E0D0F00C92F32 /* XCTest.framework */,
			);
			name = Frameworks;
			sourceTree = "<group>";
		};
		0053CD3D188E0D0E00C92F32 /* SocialTest */ = {
			isa = PBXGroup;
			children = (
				0053CD46188E0D0F00C92F32 /* AppDelegate.h */,
				0053CD47188E0D0F00C92F32 /* AppDelegate.m */,
				0053CD49188E0D0F00C92F32 /* Main.storyboard */,
				0053CD4C188E0D0F00C92F32 /* ViewController.h */,
				0053CD4D188E0D0F00C92F32 /* ViewController.m */,
				0053CD4F188E0D0F00C92F32 /* Images.xcassets */,
				0053CD3E188E0D0E00C92F32 /* Supporting Files */,
			);
			path = SocialTest;
			sourceTree = "<group>";
		};
		0053CD3E188E0D0E00C92F32 /* Supporting Files */ = {
			isa = PBXGroup;
			children = (
				0053CD3F188E0D0E00C92F32 /* SocialTest-Info.plist */,
				0053CD40188E0D0F00C92F32 /* InfoPlist.strings */,
				0053CD43188E0D0F00C92F32 /* main.m */,
				0053CD45188E0D0F00C92F32 /* SocialTest-Prefix.pch */,
			);
			name = "Supporting Files";
			sourceTree = "<group>";
		};
		0053CD5C188E0D0F00C92F32 /* SocialTestTests */ = {
			isa = PBXGroup;
			children = (
				0053CD62188E0D0F00C92F32 /* SocialTestTests.m */,
				0053CD5D188E0D0F00C92F32 /* Supporting Files */,
			);
			path = SocialTestTests;
			sourceTree = "<group>";
		};
		0053CD5D188E0D0F00C92F32 /* Supporting Files */ = {
			isa = PBXGroup;
			children = (
				0053CD5E188E0D0F00C92F32 /* SocialTestTests-Info.plist */,
				0053CD5F188E0D0F00C92F32 /* InfoPlist.strings */,
			);
			name = "Supporting Files";
			sourceTree = "<group>";
		};
/* End PBXGroup section */

/* Begin PBXNativeTarget section */
		0053CD33188E0D0E00C92F32 /* SocialTest */ = {
			isa = PBXNativeTarget;
			buildConfigurationList = 0053CD66188E0D0F00C92F32 /* Build configuration list for PBXNativeTarget "SocialTest" */;
			buildPhases = (
				0053CD30188E0D0E00C92F32 /* Sources */,
				0053CD31188E0D0E00C92F32 /* Frameworks */,
				0053CD32188E0D0E00C92F32 /* Resources */,
			);
			buildRules = (
			);
			dependencies = (
			);
			name = SocialTest;
			productName = SocialTest;
			productReference = 0053CD34188E0D0E00C92F32 /* SocialTest.app */;
			productType = "com.apple.product-type.application";
		};
		0053CD54188E0D0F00C92F32 /* SocialTestTests */ = {
			isa = PBXNativeTarget;
			buildConfigurationList = 0053CD69188E0D0F00C92F32 /* Build configuration list for PBXNativeTarget "SocialTestTests" */;
			buildPhases = (
				0053CD51188E0D0F00C92F32 /* Sources */,
				0053CD52188E0D0F00C92F32 /* Frameworks */,
				0053CD53188E0D0F00C92F32 /* Resources */,
			);
			buildRules = (
			);
			dependencies = (
				0053CD5B188E0D0F00C92F32 /* PBXTargetDependency */,
			);
			name = SocialTestTests;
			productName = SocialTestTests;
			productReference = 0053CD55188E0D0F00C92F32 /* SocialTestTests.xctest */;
			productType = "com.apple.product-type.bundle.unit-test";
		};
/* End PBXNativeTarget section */

/* Begin PBXProject section */
		0053CD2C188E0D0E00C92F32 /* Project object */ = {
			isa = PBXProject;
			attributes = {
				LastUpgradeCheck = 0500;
				ORGANIZATIONNAME = "SDT-1";
				TargetAttributes = {
					0053CD54188E0D0F00C92F32 = {
						TestTargetID = 0053CD33188E0D0E00C92F32;
					};
				};
			};
			buildConfigurationList = 0053CD2F188E0D0E00C92F32 /* Build configuration list for PBXProject "SocialTest" */;
			compatibilityVersion = "Xcode 3.2";
			developmentRegion = English;
			hasScannedForEncodings = 0;
			knownRegions = (
				en,
				Base,
			);
			mainGroup = 0053CD2B188E0D0E00C92F32;
			productRefGroup = 0053CD35188E0D0E00C92F32 /* Products */;
			projectDirPath = "";
			projectRoot = "";
			targets = (
				0053CD33188E0D0E00C92F32 /* SocialTest */,
				0053CD54188E0D0F00C92F32 /* SocialTestTests */,
			);
		};
/* End PBXProject section */

/* Begin PBXResourcesBuildPhase section */
		0053CD32188E0D0E00C92F32 /* Resources */ = {
			isa = PBXResourcesBuildPhase;
			buildActionMask = 2147483647;
			files = (
				0053CD6D188E0E0300C92F32 /* image.jpg in Resources */,
				0053CD50188E0D0F00C92F32 /* Images.xcassets in Resources */,
				0053CD42188E0D0F00C92F32 /* InfoPlist.strings in Resources */,
				0053CD4B188E0D0F00C92F32 /* Main.storyboard in Resources */,
			);
			runOnlyForDeploymentPostprocessing = 0;
		};
		0053CD53188E0D0F00C92F32 /* Resources */ = {
			isa = PBXResourcesBuildPhase;
			buildActionMask = 2147483647;
			files = (
				0053CD61188E0D0F00C92F32 /* InfoPlist.strings in Resources */,
			);
			runOnlyForDeploymentPostprocessing = 0;
		};
/* End PBXResourcesBuildPhase section */

/* Begin PBXSourcesBuildPhase section */
		0053CD30188E0D0E00C92F32 /* Sources */ = {
			isa = PBXSourcesBuildPhase;
			buildActionMask = 2147483647;
			files = (
				0053CD4E188E0D0F00C92F32 /* ViewController.m in Sources */,
				0053CD48188E0D0F00C92F32 /* AppDelegate.m in Sources */,
				0053CD44188E0D0F00C92F32 /* main.m in Sources */,
			);
			runOnlyForDeploymentPostprocessing = 0;
		};
		0053CD51188E0D0F00C92F32 /* Sources */ = {
			isa = PBXSourcesBuildPhase;
			buildActionMask = 2147483647;
			files = (
				0053CD63188E0D0F00C92F32 /* SocialTestTests.m in Sources */,
			);
			runOnlyForDeploymentPostprocessing = 0;
		};
/* End PBXSourcesBuildPhase section */

/* Begin PBXTargetDependency section */
		0053CD5B188E0D0F00C92F32 /* PBXTargetDependency */ = {
			isa = PBXTargetDependency;
			target = 0053CD33188E0D0E00C92F32 /* SocialTest */;
			targetProxy = 0053CD5A188E0D0F00C92F32 /* PBXContainerItemProxy */;
		};
/* End PBXTargetDependency section */

/* Begin PBXVariantGroup section */
		0053CD40188E0D0F00C92F32 /* InfoPlist.strings */ = {
			isa = PBXVariantGroup;
			children = (
				0053CD41188E0D0F00C92F32 /* en */,
			);
			name = InfoPlist.strings;
			sourceTree = "<group>";
		};
		0053CD49188E0D0F00C92F32 /* Main.storyboard */ = {
			isa = PBXVariantGroup;
			children = (
				0053CD4A188E0D0F00C92F32 /* Base */,
			);
			name = Main.storyboard;
			sourceTree = "<group>";
		};
		0053CD5F188E0D0F00C92F32 /* InfoPlist.strings */ = {
			isa = PBXVariantGroup;
			children = (
				0053CD60188E0D0F00C92F32 /* en */,
			);
			name = InfoPlist.strings;
			sourceTree = "<group>";
		};
/* End PBXVariantGroup section */

/* Begin XCBuildConfiguration section */
		0053CD64188E0D0F00C92F32 /* Debug */ = {
			isa = XCBuildConfiguration;
			buildSettings = {
				ALWAYS_SEARCH_USER_PATHS = NO;
				ARCHS = "$(ARCHS_STANDARD_INCLUDING_64_BIT)";
				CLANG_CXX_LANGUAGE_STANDARD = "gnu++0x";
				CLANG_CXX_LIBRARY = "libc++";
				CLANG_ENABLE_MODULES = YES;
				CLANG_ENABLE_OBJC_ARC = YES;
				CLANG_WARN_BOOL_CONVERSION = YES;
				CLANG_WARN_CONSTANT_CONVERSION = YES;
				CLANG_WARN_DIRECT_OBJC_ISA_USAGE = YES_ERROR;
				CLANG_WARN_EMPTY_BODY = YES;
				CLANG_WARN_ENUM_CONVERSION = YES;
				CLANG_WARN_INT_CONVERSION = YES;
				CLANG_WARN_OBJC_ROOT_CLASS = YES_ERROR;
				CLANG_WARN__DUPLICATE_METHOD_MATCH = YES;
				"CODE_SIGN_IDENTITY[sdk=iphoneos*]" = "iPhone Developer";
				COPY_PHASE_STRIP = NO;
				GCC_C_LANGUAGE_STANDARD = gnu99;
				GCC_DYNAMIC_NO_PIC = NO;
				GCC_OPTIMIZATION_LEVEL = 0;
				GCC_PREPROCESSOR_DEFINITIONS = (
					"DEBUG=1",
					"$(inherited)",
				);
				GCC_SYMBOLS_PRIVATE_EXTERN = NO;
				GCC_WARN_64_TO_32_BIT_CONVERSION = YES;
				GCC_WARN_ABOUT_RETURN_TYPE = YES_ERROR;
				GCC_WARN_UNDECLARED_SELECTOR = YES;
				GCC_WARN_UNINITIALIZED_AUTOS = YES;
				GCC_WARN_UNUSED_FUNCTION = YES;
				GCC_WARN_UNUSED_VARIABLE = YES;
				IPHONEOS_DEPLOYMENT_TARGET = 7.0;
				ONLY_ACTIVE_ARCH = YES;
				SDKROOT = iphoneos;
			};
			name = Debug;
		};
		0053CD65188E0D0F00C92F32 /* Release */ = {
			isa = XCBuildConfiguration;
			buildSettings = {
				ALWAYS_SEARCH_USER_PATHS = NO;
				ARCHS = "$(ARCHS_STANDARD_INCLUDING_64_BIT)";
				CLANG_CXX_LANGUAGE_STANDARD = "gnu++0x";
				CLANG_CXX_LIBRARY = "libc++";
				CLANG_ENABLE_MODULES = YES;
				CLANG_ENABLE_OBJC_ARC = YES;
				CLANG_WARN_BOOL_CONVERSION = YES;
				CLANG_WARN_CONSTANT_CONVERSION = YES;
				CLANG_WARN_DIRECT_OBJC_ISA_USAGE = YES_ERROR;
				CLANG_WARN_EMPTY_BODY = YES;
				CLANG_WARN_ENUM_CONVERSION = YES;
				CLANG_WARN_INT_CONVERSION = YES;
				CLANG_WARN_OBJC_ROOT_CLASS = YES_ERROR;
				CLANG_WARN__DUPLICATE_METHOD_MATCH = YES;
				"CODE_SIGN_IDENTITY[sdk=iphoneos*]" = "iPhone Developer";
				COPY_PHASE_STRIP = YES;
				ENABLE_NS_ASSERTIONS = NO;
				GCC_C_LANGUAGE_STANDARD = gnu99;
				GCC_WARN_64_TO_32_BIT_CONVERSION = YES;
				GCC_WARN_ABOUT_RETURN_TYPE = YES_ERROR;
				GCC_WARN_UNDECLARED_SELECTOR = YES;
				GCC_WARN_UNINITIALIZED_AUTOS = YES;
				GCC_WARN_UNUSED_FUNCTION = YES;
				GCC_WARN_UNUSED_VARIABLE = YES;
				IPHONEOS_DEPLOYMENT_TARGET = 7.0;
				SDKROOT = iphoneos;
				VALIDATE_PRODUCT = YES;
			};
			name = Release;
		};
		0053CD67188E0D0F00C92F32 /* Debug */ = {
			isa = XCBuildConfiguration;
			buildSettings = {
				ASSETCATALOG_COMPILER_APPICON_NAME = AppIcon;
				ASSETCATALOG_COMPILER_LAUNCHIMAGE_NAME = LaunchImage;
				GCC_PRECOMPILE_PREFIX_HEADER = YES;
				GCC_PREFIX_HEADER = "SocialTest/SocialTest-Prefix.pch";
				INFOPLIST_FILE = "SocialTest/SocialTest-Info.plist";
				PRODUCT_NAME = "$(TARGET_NAME)";
				WRAPPER_EXTENSION = app;
			};
			name = Debug;
		};
		0053CD68188E0D0F00C92F32 /* Release */ = {
			isa = XCBuildConfiguration;
			buildSettings = {
				ASSETCATALOG_COMPILER_APPICON_NAME = AppIcon;
				ASSETCATALOG_COMPILER_LAUNCHIMAGE_NAME = LaunchImage;
				GCC_PRECOMPILE_PREFIX_HEADER = YES;
				GCC_PREFIX_HEADER = "SocialTest/SocialTest-Prefix.pch";
				INFOPLIST_FILE = "SocialTest/SocialTest-Info.plist";
				PRODUCT_NAME = "$(TARGET_NAME)";
				WRAPPER_EXTENSION = app;
			};
			name = Release;
		};
		0053CD6A188E0D0F00C92F32 /* Debug */ = {
			isa = XCBuildConfiguration;
			buildSettings = {
				ARCHS = "$(ARCHS_STANDARD_INCLUDING_64_BIT)";
				BUNDLE_LOADER = "$(BUILT_PRODUCTS_DIR)/SocialTest.app/SocialTest";
				FRAMEWORK_SEARCH_PATHS = (
					"$(SDKROOT)/Developer/Library/Frameworks",
					"$(inherited)",
					"$(DEVELOPER_FRAMEWORKS_DIR)",
				);
				GCC_PRECOMPILE_PREFIX_HEADER = YES;
				GCC_PREFIX_HEADER = "SocialTest/SocialTest-Prefix.pch";
				GCC_PREPROCESSOR_DEFINITIONS = (
					"DEBUG=1",
					"$(inherited)",
				);
				INFOPLIST_FILE = "SocialTestTests/SocialTestTests-Info.plist";
				PRODUCT_NAME = "$(TARGET_NAME)";
				TEST_HOST = "$(BUNDLE_LOADER)";
				WRAPPER_EXTENSION = xctest;
			};
			name = Debug;
		};
		0053CD6B188E0D0F00C92F32 /* Release */ = {
			isa = XCBuildConfiguration;
			buildSettings = {
				ARCHS = "$(ARCHS_STANDARD_INCLUDING_64_BIT)";
				BUNDLE_LOADER = "$(BUILT_PRODUCTS_DIR)/SocialTest.app/SocialTest";
				FRAMEWORK_SEARCH_PATHS = (
					"$(SDKROOT)/Developer/Library/Frameworks",
					"$(inherited)",
					"$(DEVELOPER_FRAMEWORKS_DIR)",
				);
				GCC_PRECOMPILE_PREFIX_HEADER = YES;
				GCC_PREFIX_HEADER = "SocialTest/SocialTest-Prefix.pch";
				INFOPLIST_FILE = "SocialTestTests/SocialTestTests-Info.plist";
				PRODUCT_NAME = "$(TARGET_NAME)";
				TEST_HOST = "$(BUNDLE_LOADER)";
				WRAPPER_EXTENSION = xctest;
			};
			name = Release;
		};
/* End XCBuildConfiguration section */

/* Begin XCConfigurationList section */
		0053CD2F188E0D0E00C92F32 /* Build configuration list for PBXProject "SocialTest" */ = {
			isa = XCConfigurationList;
			buildConfigurations = (
				0053CD64188E0D0F00C92F32 /* Debug */,
				0053CD65188E0D0F00C92F32 /* Release */,
			);
			defaultConfigurationIsVisible = 0;
			defaultConfigurationName = Release;
		};
		0053CD66188E0D0F00C92F32 /* Build configuration list for PBXNativeTarget "SocialTest" */ = {
			isa = XCConfigurationList;
			buildConfigurations = (
				0053CD67188E0D0F00C92F32 /* Debug */,
				0053CD68188E0D0F00C92F32 /* Release */,
			);
			defaultConfigurationIsVisible = 0;
		};
		0053CD69188E0D0F00C92F32 /* Build configuration list for PBXNativeTarget "SocialTestTests" */ = {
			isa = XCConfigurationList;
			buildConfigurations = (
				0053CD6A188E0D0F00C92F32 /* Debug */,
				0053CD6B188E0D0F00C92F32 /* Release */,
			);
			defaultConfigurationIsVisible = 0;
		};
/* End XCConfigurationList section */
	};
	rootObject = 0053CD2C188E0D0E00C92F32 /* Project object */;
}
